Microsoft Visual Studio Solution File, Format Version 12.00
# Visual Studio Version 17
VisualStudioVersion = 17.5.2.0
MinimumVisualStudioVersion = 10.0.40219.1
Project("{2150E333-8FDC-42A3-9474-1A3956D46DE8}") = "backend", "backend", "{1AE8ACA6-933B-BF2A-3671-3E2EAC007D16}"
EndProject
Project("{FAE04EC0-301F-11D3-BF4B-00C04F79EFBC}") = "FitDivas.API", "backend\FitDivas.API\FitDivas.API.csproj", "{9A514061-ACF0-E951-0815-969DC1B82B1E}"
EndProject
Project("{FAE04EC0-301F-11D3-BF4B-00C04F79EFBC}") = "FitDivas.Application", "backend\FitDivas.Application\FitDivas.Application.csproj", "{119C49E7-B4F0-76D5-D832-A536B24E519D}"
EndProject
Project("{FAE04EC0-301F-11D3-BF4B-00C04F79EFBC}") = "FitDivas.Domain", "backend\FitDivas.Domain\FitDivas.Domain.csproj", "{5F0DDA44-19D4-BC78-3837-B91FEE4C5771}"
EndProject
Project("{FAE04EC0-301F-11D3-BF4B-00C04F79EFBC}") = "FitDivas.Infrastructure", "backend\FitDivas.Infrastructure\FitDivas.Infrastructure.csproj", "{2FCF65FD-9DD0-9D2C-19A1-A5731639E9F7}"
EndProject
Global
	GlobalSection(SolutionConfigurationPlatforms) = preSolution
		Debug|Any CPU = Debug|Any CPU
		Release|Any CPU = Release|Any CPU
	EndGlobalSection
	GlobalSection(ProjectConfigurationPlatforms) = postSolution
		{9A514061-ACF0-E951-0815-969DC1B82B1E}.Debug|Any CPU.ActiveCfg = Debug|Any CPU
		{9A514061-ACF0-E951-0815-969DC1B82B1E}.Debug|Any CPU.Build.0 = Debug|Any CPU
		{9A514061-ACF0-E951-0815-969DC1B82B1E}.Release|Any CPU.ActiveCfg = Release|Any CPU
		{9A514061-ACF0-E951-0815-969DC1B82B1E}.Release|Any CPU.Build.0 = Release|Any CPU
		{119C49E7-B4F0-76D5-D832-A536B24E519D}.Debug|Any CPU.ActiveCfg = Debug|Any CPU
		{119C49E7-B4F0-76D5-D832-A536B24E519D}.Debug|Any CPU.Build.0 = Debug|Any CPU
		{119C49E7-B4F0-76D5-D832-A536B24E519D}.Release|Any CPU.ActiveCfg = Release|Any CPU
		{119C49E7-B4F0-76D5-D832-A536B24E519D}.Release|Any CPU.Build.0 = Release|Any CPU
		{5F0DDA44-19D4-BC78-3837-B91FEE4C5771}.Debug|Any CPU.ActiveCfg = Debug|Any CPU
		{5F0DDA44-19D4-BC78-3837-B91FEE4C5771}.Debug|Any CPU.Build.0 = Debug|Any CPU
		{5F0DDA44-19D4-BC78-3837-B91FEE4C5771}.Release|Any CPU.ActiveCfg = Release|Any CPU
		{5F0DDA44-19D4-BC78-3837-B91FEE4C5771}.Release|Any CPU.Build.0 = Release|Any CPU
		{2FCF65FD-9DD0-9D2C-19A1-A5731639E9F7}.Debug|Any CPU.ActiveCfg = Debug|Any CPU
		{2FCF65FD-9DD0-9D2C-19A1-A5731639E9F7}.Debug|Any CPU.Build.0 = Debug|Any CPU
		{2FCF65FD-9DD0-9D2C-19A1-A5731639E9F7}.Release|Any CPU.ActiveCfg = Release|Any CPU
		{2FCF65FD-9DD0-9D2C-19A1-A5731639E9F7}.Release|Any CPU.Build.0 = Release|Any CPU
	EndGlobalSection
	GlobalSection(SolutionProperties) = preSolution
		HideSolutionNode = FALSE
	EndGlobalSection
	GlobalSection(NestedProjects) = preSolution
		{9A514061-ACF0-E951-0815-969DC1B82B1E} = {1AE8ACA6-933B-BF2A-3671-3E2EAC007D16}
		{119C49E7-B4F0-76D5-D832-A536B24E519D} = {1AE8ACA6-933B-BF2A-3671-3E2EAC007D16}
		{5F0DDA44-19D4-BC78-3837-B91FEE4C5771} = {1AE8ACA6-933B-BF2A-3671-3E2EAC007D16}
		{2FCF65FD-9DD0-9D2C-19A1-A5731639E9F7} = {1AE8ACA6-933B-BF2A-3671-3E2EAC007D16}
	EndGlobalSection
	GlobalSection(ExtensibilityGlobals) = postSolution
		SolutionGuid = {780AC8EF-DBCE-4448-B20D-C25450FD0056}
	EndGlobalSection
EndGlobal
